// !$*UTF8*$!
{
	archiveVersion = 1;
	classes = {
	};
	objectVersion = 55;
	objects = {

/* Begin PBXBuildFile section */
		520CF166289420D300FF9235 /* GameView.swift in Sources */ = {isa = PBXBuildFile; fileRef = 520CF165289420D300FF9235 /* GameView.swift */; };
		520CF1682894221600FF9235 /* HistoryView.swift in Sources */ = {isa = PBXBuildFile; fileRef = 520CF1672894221600FF9235 /* HistoryView.swift */; };
		520CF16B2894250200FF9235 /* Color+Extension.swift in Sources */ = {isa = PBXBuildFile; fileRef = 520CF16A2894250200FF9235 /* Color+Extension.swift */; };
		520CF16D2894254000FF9235 /* View+Extension.swift in Sources */ = {isa = PBXBuildFile; fileRef = 520CF16C2894253F00FF9235 /* View+Extension.swift */; };
		526805752896972C007DC1F5 /* SettingsView.swift in Sources */ = {isa = PBXBuildFile; fileRef = 526805742896972C007DC1F5 /* SettingsView.swift */; };
		526805772896C193007DC1F5 /* GuideView.swift in Sources */ = {isa = PBXBuildFile; fileRef = 526805762896C193007DC1F5 /* GuideView.swift */; };
		5268057A289745F8007DC1F5 /* EmojisBackground.swift in Sources */ = {isa = PBXBuildFile; fileRef = 52680579289745F8007DC1F5 /* EmojisBackground.swift */; };
		5268057C2897476A007DC1F5 /* GradientBackground.swift in Sources */ = {isa = PBXBuildFile; fileRef = 5268057B2897476A007DC1F5 /* GradientBackground.swift */; };
		52B8E557288EF10D00EAD88A /* Reverse_Rock_Paper_ScissorsApp.swift in Sources */ = {isa = PBXBuildFile; fileRef = 52B8E556288EF10D00EAD88A /* Reverse_Rock_Paper_ScissorsApp.swift */; };
		52B8E559288EF10D00EAD88A /* ContentView.swift in Sources */ = {isa = PBXBuildFile; fileRef = 52B8E558288EF10D00EAD88A /* ContentView.swift */; };
		52B8E55B288EF10D00EAD88A /* Assets.xcassets in Resources */ = {isa = PBXBuildFile; fileRef = 52B8E55A288EF10D00EAD88A /* Assets.xcassets */; };
		52B8E55E288EF10D00EAD88A /* Preview Assets.xcassets in Resources */ = {isa = PBXBuildFile; fileRef = 52B8E55D288EF10D00EAD88A /* Preview Assets.xcassets */; };
/* End PBXBuildFile section */

/* Begin PBXFileReference section */
		520CF165289420D300FF9235 /* GameView.swift */ = {isa = PBXFileReference; lastKnownFileType = sourcecode.swift; path = GameView.swift; sourceTree = "<group>"; };
		520CF1672894221600FF9235 /* HistoryView.swift */ = {isa = PBXFileReference; lastKnownFileType = sourcecode.swift; path = HistoryView.swift; sourceTree = "<group>"; };
		520CF16A2894250200FF9235 /* Color+Extension.swift */ = {isa = PBXFileReference; lastKnownFileType = sourcecode.swift; path = "Color+Extension.swift"; sourceTree = "<group>"; };
		520CF16C2894253F00FF9235 /* View+Extension.swift */ = {isa = PBXFileReference; lastKnownFileType = sourcecode.swift; path = "View+Extension.swift"; sourceTree = "<group>"; };
		526805742896972C007DC1F5 /* SettingsView.swift */ = {isa = PBXFileReference; lastKnownFileType = sourcecode.swift; path = SettingsView.swift; sourceTree = "<group>"; };
		526805762896C193007DC1F5 /* GuideView.swift */ = {isa = PBXFileReference; lastKnownFileType = sourcecode.swift; path = GuideView.swift; sourceTree = "<group>"; };
		52680579289745F8007DC1F5 /* EmojisBackground.swift */ = {isa = PBXFileReference; lastKnownFileType = sourcecode.swift; path = EmojisBackground.swift; sourceTree = "<group>"; };
		5268057B2897476A007DC1F5 /* GradientBackground.swift */ = {isa = PBXFileReference; lastKnownFileType = sourcecode.swift; path = GradientBackground.swift; sourceTree = "<group>"; };
		52B8E553288EF10D00EAD88A /* Reverse Rock Paper Scissors.app */ = {isa = PBXFileReference; explicitFileType = wrapper.application; includeInIndex = 0; path = "Reverse Rock Paper Scissors.app"; sourceTree = BUILT_PRODUCTS_DIR; };
		52B8E556288EF10D00EAD88A /* Reverse_Rock_Paper_ScissorsApp.swift */ = {isa = PBXFileReference; lastKnownFileType = sourcecode.swift; path = Reverse_Rock_Paper_ScissorsApp.swift; sourceTree = "<group>"; };
		52B8E558288EF10D00EAD88A /* ContentView.swift */ = {isa = PBXFileReference; lastKnownFileType = sourcecode.swift; path = ContentView.swift; sourceTree = "<group>"; };
		52B8E55A288EF10D00EAD88A /* Assets.xcassets */ = {isa = PBXFileReference; lastKnownFileType = folder.assetcatalog; path = Assets.xcassets; sourceTree = "<group>"; };
		52B8E55D288EF10D00EAD88A /* Preview Assets.xcassets */ = {isa = PBXFileReference; lastKnownFileType = folder.assetcatalog; path = "Preview Assets.xcassets"; sourceTree = "<group>"; };
/* End PBXFileReference section */

/* Begin PBXFrameworksBuildPhase section */
		52B8E550288EF10D00EAD88A /* Frameworks */ = {
			isa = PBXFrameworksBuildPhase;
			buildActionMask = 2147483647;
			files = (
			);
			runOnlyForDeploymentPostprocessing = 0;
		};
/* End PBXFrameworksBuildPhase section */

/* Begin PBXGroup section */
		520CF164289420A800FF9235 /* Views */ = {
			isa = PBXGroup;
			children = (
				520CF165289420D300FF9235 /* GameView.swift */,
				520CF1672894221600FF9235 /* HistoryView.swift */,
				526805742896972C007DC1F5 /* SettingsView.swift */,
				526805762896C193007DC1F5 /* GuideView.swift */,
			);
			path = Views;
			sourceTree = "<group>";
		};
		520CF169289424EC00FF9235 /* Extensions */ = {
			isa = PBXGroup;
			children = (
				520CF16A2894250200FF9235 /* Color+Extension.swift */,
				520CF16C2894253F00FF9235 /* View+Extension.swift */,
			);
			path = Extensions;
			sourceTree = "<group>";
		};
		52680578289745D4007DC1F5 /* Helpers */ = {
			isa = PBXGroup;
			children = (
				52680579289745F8007DC1F5 /* EmojisBackground.swift */,
				5268057B2897476A007DC1F5 /* GradientBackground.swift */,
			);
			path = Helpers;
			sourceTree = "<group>";
		};
		52B8E54A288EF10D00EAD88A = {
			isa = PBXGroup;
			children = (
				52B8E555288EF10D00EAD88A /* Reverse Rock Paper Scissors */,
				52B8E554288EF10D00EAD88A /* Products */,
			);
			sourceTree = "<group>";
		};
		52B8E554288EF10D00EAD88A /* Products */ = {
			isa = PBXGroup;
			children = (
				52B8E553288EF10D00EAD88A /* Reverse Rock Paper Scissors.app */,
			);
			name = Products;
			sourceTree = "<group>";
		};
		52B8E555288EF10D00EAD88A /* Reverse Rock Paper Scissors */ = {
			isa = PBXGroup;
			children = (
				52680578289745D4007DC1F5 /* Helpers */,
				520CF169289424EC00FF9235 /* Extensions */,
				520CF164289420A800FF9235 /* Views */,
				52B8E558288EF10D00EAD88A /* ContentView.swift */,
				52B8E556288EF10D00EAD88A /* Reverse_Rock_Paper_ScissorsApp.swift */,
				52B8E55A288EF10D00EAD88A /* Assets.xcassets */,
				52B8E55C288EF10D00EAD88A /* Preview Content */,
			);
			path = "Reverse Rock Paper Scissors";
			sourceTree = "<group>";
		};
		52B8E55C288EF10D00EAD88A /* Preview Content */ = {
			isa = PBXGroup;
			children = (
				52B8E55D288EF10D00EAD88A /* Preview Assets.xcassets */,
			);
			path = "Preview Content";
			sourceTree = "<group>";
		};
/* End PBXGroup section */

/* Begin PBXNativeTarget section */
		52B8E552288EF10D00EAD88A /* Reverse Rock Paper Scissors */ = {
			isa = PBXNativeTarget;
			buildConfigurationList = 52B8E561288EF10D00EAD88A /* Build configuration list for PBXNativeTarget "Reverse Rock Paper Scissors" */;
			buildPhases = (
				52B8E54F288EF10D00EAD88A /* Sources */,
				52B8E550288EF10D00EAD88A /* Frameworks */,
				52B8E551288EF10D00EAD88A /* Resources */,
			);
			buildRules = (
			);
			dependencies = (
			);
			name = "Reverse Rock Paper Scissors";
			productName = "Reverse Rock Paper Scissors";
			productReference = 52B8E553288EF10D00EAD88A /* Reverse Rock Paper Scissors.app */;
			productType = "com.apple.product-type.application";
		};
/* End PBXNativeTarget section */

/* Begin PBXProject section */
		52B8E54B288EF10D00EAD88A /* Project object */ = {
			isa = PBXProject;
			attributes = {
				BuildIndependentTargetsInParallel = 1;
				LastSwiftUpdateCheck = 1340;
				LastUpgradeCheck = 1340;
				TargetAttributes = {
					52B8E552288EF10D00EAD88A = {
						CreatedOnToolsVersion = 13.4;
					};
				};
			};
			buildConfigurationList = 52B8E54E288EF10D00EAD88A /* Build configuration list for PBXProject "Reverse Rock Paper Scissors" */;
			compatibilityVersion = "Xcode 13.0";
			developmentRegion = en;
			hasScannedForEncodings = 0;
			knownRegions = (
				en,
				Base,
			);
			mainGroup = 52B8E54A288EF10D00EAD88A;
			productRefGroup = 52B8E554288EF10D00EAD88A /* Products */;
			projectDirPath = "";
			projectRoot = "";
			targets = (
				52B8E552288EF10D00EAD88A /* Reverse Rock Paper Scissors */,
			);
		};
/* End PBXProject section */

/* Begin PBXResourcesBuildPhase section */
		52B8E551288EF10D00EAD88A /* Resources */ = {
			isa = PBXResourcesBuildPhase;
			buildActionMask = 2147483647;
			files = (
				52B8E55E288EF10D00EAD88A /* Preview Assets.xcassets in Resources */,
				52B8E55B288EF10D00EAD88A /* Assets.xcassets in Resources */,
			);
			runOnlyForDeploymentPostprocessing = 0;
		};
/* End PBXResourcesBuildPhase section */

/* Begin PBXSourcesBuildPhase section */
		52B8E54F288EF10D00EAD88A /* Sources */ = {
			isa = PBXSourcesBuildPhase;
			buildActionMask = 2147483647;
			files = (
				526805752896972C007DC1F5 /* SettingsView.swift in Sources */,
				52B8E559288EF10D00EAD88A /* ContentView.swift in Sources */,
				520CF16B2894250200FF9235 /* Color+Extension.swift in Sources */,
				526805772896C193007DC1F5 /* GuideView.swift in Sources */,
				520CF1682894221600FF9235 /* HistoryView.swift in Sources */,
				5268057C2897476A007DC1F5 /* GradientBackground.swift in Sources */,
				5268057A289745F8007DC1F5 /* EmojisBackground.swift in Sources */,
				520CF166289420D300FF9235 /* GameView.swift in Sources */,
				520CF16D2894254000FF9235 /* View+Extension.swift in Sources */,
				52B8E557288EF10D00EAD88A /* Reverse_Rock_Paper_ScissorsApp.swift in Sources */,
			);
			runOnlyForDeploymentPostprocessing = 0;
		};
/* End PBXSourcesBuildPhase section */

/* Begin XCBuildConfiguration section */
		52B8E55F288EF10D00EAD88A /* Debug */ = {
			isa = XCBuildConfiguration;
			buildSettings = {
				ALWAYS_SEARCH_USER_PATHS = NO;
				CLANG_ANALYZER_NONNULL = YES;
				CLANG_ANALYZER_NUMBER_OBJECT_CONVERSION = YES_AGGRESSIVE;
				CLANG_CXX_LANGUAGE_STANDARD = "gnu++17";
				CLANG_ENABLE_MODULES = YES;
				CLANG_ENABLE_OBJC_ARC = YES;
				CLANG_ENABLE_OBJC_WEAK = YES;
				CLANG_WARN_BLOCK_CAPTURE_AUTORELEASING = YES;
				CLANG_WARN_BOOL_CONVERSION = YES;
				CLANG_WARN_COMMA = YES;
				CLANG_WARN_CONSTANT_CONVERSION = YES;
				CLANG_WARN_DEPRECATED_OBJC_IMPLEMENTATIONS = YES;
				CLANG_WARN_DIRECT_OBJC_ISA_USAGE = YES_ERROR;
				CLANG_WARN_DOCUMENTATION_COMMENTS = YES;
				CLANG_WARN_EMPTY_BODY = YES;
				CLANG_WARN_ENUM_CONVERSION = YES;
				CLANG_WARN_INFINITE_RECURSION = YES;
				CLANG_WARN_INT_CONVERSION = YES;
				CLANG_WARN_NON_LITERAL_NULL_CONVERSION = YES;
				CLANG_WARN_OBJC_IMPLICIT_RETAIN_SELF = YES;
				CLANG_WARN_OBJC_LITERAL_CONVERSION = YES;
				CLANG_WARN_OBJC_ROOT_CLASS = YES_ERROR;
				CLANG_WARN_QUOTED_INCLUDE_IN_FRAMEWORK_HEADER = YES;
				CLANG_WARN_RANGE_LOOP_ANALYSIS = YES;
				CLANG_WARN_STRICT_PROTOTYPES = YES;
				CLANG_WARN_SUSPICIOUS_MOVE = YES;
				CLANG_WARN_UNGUARDED_AVAILABILITY = YES_AGGRESSIVE;
				CLANG_WARN_UNREACHABLE_CODE = YES;
				CLANG_WARN__DUPLICATE_METHOD_MATCH = YES;
				COPY_PHASE_STRIP = NO;
				DEBUG_INFORMATION_FORMAT = dwarf;
				ENABLE_STRICT_OBJC_MSGSEND = YES;
				ENABLE_TESTABILITY = YES;
				GCC_C_LANGUAGE_STANDARD = gnu11;
				GCC_DYNAMIC_NO_PIC = NO;
				GCC_NO_COMMON_BLOCKS = YES;
				GCC_OPTIMIZATION_LEVEL = 0;
				GCC_PREPROCESSOR_DEFINITIONS = (
					"DEBUG=1",
					"$(inherited)",
				);
				GCC_WARN_64_TO_32_BIT_CONVERSION = YES;
				GCC_WARN_ABOUT_RETURN_TYPE = YES_ERROR;
				GCC_WARN_UNDECLARED_SELECTOR = YES;
				GCC_WARN_UNINITIALIZED_AUTOS = YES_AGGRESSIVE;
				GCC_WARN_UNUSED_FUNCTION = YES;
				GCC_WARN_UNUSED_VARIABLE = YES;
				IPHONEOS_DEPLOYMENT_TARGET = 15.5;
				MTL_ENABLE_DEBUG_INFO = INCLUDE_SOURCE;
				MTL_FAST_MATH = YES;
				ONLY_ACTIVE_ARCH = YES;
				SDKROOT = iphoneos;
				SWIFT_ACTIVE_COMPILATION_CONDITIONS = DEBUG;
				SWIFT_OPTIMIZATION_LEVEL = "-Onone";
			};
			name = Debug;
		};
		52B8E560288EF10D00EAD88A /* Release */ = {
			isa = XCBuildConfiguration;
			buildSettings = {
				ALWAYS_SEARCH_USER_PATHS = NO;
				CLANG_ANALYZER_NONNULL = YES;
				CLANG_ANALYZER_NUMBER_OBJECT_CONVERSION = YES_AGGRESSIVE;
				CLANG_CXX_LANGUAGE_STANDARD = "gnu++17";
				CLANG_ENABLE_MODULES = YES;
				CLANG_ENABLE_OBJC_ARC = YES;
				CLANG_ENABLE_OBJC_WEAK = YES;
				CLANG_WARN_BLOCK_CAPTURE_AUTORELEASING = YES;
				CLANG_WARN_BOOL_CONVERSION = YES;
				CLANG_WARN_COMMA = YES;
				CLANG_WARN_CONSTANT_CONVERSION = YES;
				CLANG_WARN_DEPRECATED_OBJC_IMPLEMENTATIONS = YES;
				CLANG_WARN_DIRECT_OBJC_ISA_USAGE = YES_ERROR;
				CLANG_WARN_DOCUMENTATION_COMMENTS = YES;
				CLANG_WARN_EMPTY_BODY = YES;
				CLANG_WARN_ENUM_CONVERSION = YES;
				CLANG_WARN_INFINITE_RECURSION = YES;
				CLANG_WARN_INT_CONVERSION = YES;
				CLANG_WARN_NON_LITERAL_NULL_CONVERSION = YES;
				CLANG_WARN_OBJC_IMPLICIT_RETAIN_SELF = YES;
				CLANG_WARN_OBJC_LITERAL_CONVERSION = YES;
				CLANG_WARN_OBJC_ROOT_CLASS = YES_ERROR;
				CLANG_WARN_QUOTED_INCLUDE_IN_FRAMEWORK_HEADER = YES;
				CLANG_WARN_RANGE_LOOP_ANALYSIS = YES;
				CLANG_WARN_STRICT_PROTOTYPES = YES;
				CLANG_WARN_SUSPICIOUS_MOVE = YES;
				CLANG_WARN_UNGUARDED_AVAILABILITY = YES_AGGRESSIVE;
				CLANG_WARN_UNREACHABLE_CODE = YES;
				CLANG_WARN__DUPLICATE_METHOD_MATCH = YES;
				COPY_PHASE_STRIP = NO;
				DEBUG_INFORMATION_FORMAT = "dwarf-with-dsym";
				ENABLE_NS_ASSERTIONS = NO;
				ENABLE_STRICT_OBJC_MSGSEND = YES;
				GCC_C_LANGUAGE_STANDARD = gnu11;
				GCC_NO_COMMON_BLOCKS = YES;
				GCC_WARN_64_TO_32_BIT_CONVERSION = YES;
				GCC_WARN_ABOUT_RETURN_TYPE = YES_ERROR;
				GCC_WARN_UNDECLARED_SELECTOR = YES;
				GCC_WARN_UNINITIALIZED_AUTOS = YES_AGGRESSIVE;
				GCC_WARN_UNUSED_FUNCTION = YES;
				GCC_WARN_UNUSED_VARIABLE = YES;
				IPHONEOS_DEPLOYMENT_TARGET = 15.5;
				MTL_ENABLE_DEBUG_INFO = NO;
				MTL_FAST_MATH = YES;
				SDKROOT = iphoneos;
				SWIFT_COMPILATION_MODE = wholemodule;
				SWIFT_OPTIMIZATION_LEVEL = "-O";
				VALIDATE_PRODUCT = YES;
			};
			name = Release;
		};
		52B8E562288EF10D00EAD88A /* Debug */ = {
			isa = XCBuildConfiguration;
			buildSettings = {
				ASSETCATALOG_COMPILER_APPICON_NAME = AppIcon;
				ASSETCATALOG_COMPILER_GLOBAL_ACCENT_COLOR_NAME = AccentColor;
				CODE_SIGN_STYLE = Automatic;
				CURRENT_PROJECT_VERSION = 1;
				DEVELOPMENT_ASSET_PATHS = "\"Reverse Rock Paper Scissors/Preview Content\"";
				DEVELOPMENT_TEAM = QZ46JW4C9U;
				ENABLE_PREVIEWS = YES;
				GENERATE_INFOPLIST_FILE = YES;
				INFOPLIST_KEY_UIApplicationSceneManifest_Generation = YES;
				INFOPLIST_KEY_UIApplicationSupportsIndirectInputEvents = YES;
				INFOPLIST_KEY_UILaunchScreen_Generation = YES;
				INFOPLIST_KEY_UISupportedInterfaceOrientations_iPad = "UIInterfaceOrientationPortrait UIInterfaceOrientationPortraitUpsideDown UIInterfaceOrientationLandscapeLeft UIInterfaceOrientationLandscapeRight";
				INFOPLIST_KEY_UISupportedInterfaceOrientations_iPhone = "UIInterfaceOrientationPortrait UIInterfaceOrientationLandscapeLeft UIInterfaceOrientationLandscapeRight";
				LD_RUNPATH_SEARCH_PATHS = (
					"$(inherited)",
					"@executable_path/Frameworks",
				);
				MARKETING_VERSION = 1.0;
				PRODUCT_BUNDLE_IDENTIFIER = "mcantop.Reverse-Rock-Paper-Scissors";
				PRODUCT_NAME = "$(TARGET_NAME)";
				SWIFT_EMIT_LOC_STRINGS = YES;
				SWIFT_VERSION = 5.0;
				TARGETED_DEVICE_FAMILY = "1,2";
			};
			name = Debug;
		};
		52B8E563288EF10D00EAD88A /* Release */ = {
			isa = XCBuildConfiguration;
			buildSettings = {
				ASSETCATALOG_COMPILER_APPICON_NAME = AppIcon;
				ASSETCATALOG_COMPILER_GLOBAL_ACCENT_COLOR_NAME = AccentColor;
				CODE_SIGN_STYLE = Automatic;
				CURRENT_PROJECT_VERSION = 1;
				DEVELOPMENT_ASSET_PATHS = "\"Reverse Rock Paper Scissors/Preview Content\"";
				DEVELOPMENT_TEAM = QZ46JW4C9U;
				ENABLE_PREVIEWS = YES;
				GENERATE_INFOPLIST_FILE = YES;
				INFOPLIST_KEY_UIApplicationSceneManifest_Generation = YES;
				INFOPLIST_KEY_UIApplicationSupportsIndirectInputEvents = YES;
				INFOPLIST_KEY_UILaunchScreen_Generation = YES;
				INFOPLIST_KEY_UISupportedInterfaceOrientations_iPad = "UIInterfaceOrientationPortrait UIInterfaceOrientationPortraitUpsideDown UIInterfaceOrientationLandscapeLeft UIInterfaceOrientationLandscapeRight";
				INFOPLIST_KEY_UISupportedInterfaceOrientations_iPhone = "UIInterfaceOrientationPortrait UIInterfaceOrientationLandscapeLeft UIInterfaceOrientationLandscapeRight";
				LD_RUNPATH_SEARCH_PATHS = (
					"$(inherited)",
					"@executable_path/Frameworks",
				);
				MARKETING_VERSION = 1.0;
				PRODUCT_BUNDLE_IDENTIFIER = "mcantop.Reverse-Rock-Paper-Scissors";
				PRODUCT_NAME = "$(TARGET_NAME)";
				SWIFT_EMIT_LOC_STRINGS = YES;
				SWIFT_VERSION = 5.0;
				TARGETED_DEVICE_FAMILY = "1,2";
			};
			name = Release;
		};
/* End XCBuildConfiguration section */

/* Begin XCConfigurationList section */
		52B8E54E288EF10D00EAD88A /* Build configuration list for PBXProject "Reverse Rock Paper Scissors" */ = {
			isa = XCConfigurationList;
			buildConfigurations = (
				52B8E55F288EF10D00EAD88A /* Debug */,
				52B8E560288EF10D00EAD88A /* Release */,
			);
			defaultConfigurationIsVisible = 0;
			defaultConfigurationName = Release;
		};
		52B8E561288EF10D00EAD88A /* Build configuration list for PBXNativeTarget "Reverse Rock Paper Scissors" */ = {
			isa = XCConfigurationList;
			buildConfigurations = (
				52B8E562288EF10D00EAD88A /* Debug */,
				52B8E563288EF10D00EAD88A /* Release */,
			);
			defaultConfigurationIsVisible = 0;
			defaultConfigurationName = Release;
		};
/* End XCConfigurationList section */
	};
	rootObject = 52B8E54B288EF10D00EAD88A /* Project object */;
}
